Microsoft Visual Studio Solution File, Format Version 12.00
# Visual Studio Version 17
VisualStudioVersion = 17.5.2.0
MinimumVisualStudioVersion = 10.0.40219.1
Project("{FAE04EC0-301F-11D3-BF4B-00C04F79EFBC}") = "Walacor_SDK", "Walacor_SDK.csproj", "{BA58041E-F4C3-D9CF-7DD3-6CCFC74989DC}"
EndProject
Global
	GlobalSection(SolutionConfigurationPlatforms) = preSolution
		Debug|Any CPU = Debug|Any CPU
		Release|Any CPU = Release|Any CPU
	EndGlobalSection
	GlobalSection(ProjectConfigurationPlatforms) = postSolution
		{BA58041E-F4C3-D9CF-7DD3-6CCFC74989DC}.Debug|Any CPU.ActiveCfg = Debug|Any CPU
		{BA58041E-F4C3-D9CF-7DD3-6CCFC74989DC}.Debug|Any CPU.Build.0 = Debug|Any CPU
		{BA58041E-F4C3-D9CF-7DD3-6CCFC74989DC}.Release|Any CPU.ActiveCfg = Release|Any CPU
		{BA58041E-F4C3-D9CF-7DD3-6CCFC74989DC}.Release|Any CPU.Build.0 = Release|Any CPU
	EndGlobalSection
	GlobalSection(SolutionProperties) = preSolution
		HideSolutionNode = FALSE
	EndGlobalSection
	GlobalSection(ExtensibilityGlobals) = postSolution
		SolutionGuid = {F2BFE1C0-4F73-4522-9823-2D69A7E0A5F9}
	EndGlobalSection
EndGlobal
